github.com/themefisher/academia-hugo v1.0.0 h1:ljEd+6eJhrPL5SIG3JBq6UNWFL10uHS54RCLi6mO7qI=
github.com/themefisher/academia-hugo v1.0.0/go.mod h1:2hMUtxx2l7NebHqK4gv4OJ34rEag5/W/WrcdZ8YwgMg=
github.com/wowchemy/starter-academic v0.0.0-20201021223806-9e4469443a48 h1:6kL4bpDx6DFCdZjECJnwxb5+rKIqw3a7b1A6vVVbSRc=
github.com/wowchemy/starter-academic v0.0.0-20201021223806-9e4469443a48/go.mod h1:fRzlfMbusi24TpO2GsL9lGhIazeHCkpfMr2nOX/XlWI=
github.com/wowchemy/wowchemy-hugo-modules/netlify-cms-academic v0.0.0-20201016182837-be0fa17ac006/go.mod h1:TU3QDPUdBSQnvDP5QVCwjAkBIdVMS/bKFA8jr3eI5AY=
github.com/wowchemy/wowchemy-hugo-modules/wowchemy v0.0.0-20201001144923-e58ee0ffc576 h1:r97j+QgxENainAzooKFwaHePl7UBBtZ4RFh6+Ks2x3U=
github.com/wowchemy/wowchemy-hugo-modules/wowchemy v0.0.0-20201001144923-e58ee0ffc576/go.mod h1:H22qfH9qj3FWwsk7+bAZpmT24yRGNQURah2/IRwjbn8=
github.com/wowchemy/wowchemy-hugo-modules/wowchemy v0.0.0-20201016182837-be0fa17ac006/go.mod h1:H22qfH9qj3FWwsk7+bAZpmT24yRGNQURah2/IRwjbn8=
